// !$*UTF8*$!
{
	archiveVersion = 1;
	classes = {
	};
	objectVersion = 46;
	objects = {

/* Begin PBXBuildFile section */
		7CA14D8C1CD8995E00A01545 /* main.m in Sources */ = {isa = PBXBuildFile; fileRef = 7CA14D8B1CD8995E00A01545 /* main.m */; };
		7CA14D8F1CD8995E00A01545 /* AppDelegate.m in Sources */ = {isa = PBXBuildFile; fileRef = 7CA14D8E1CD8995E00A01545 /* AppDelegate.m */; };
		7CA14D971CD8995E00A01545 /* Assets.xcassets in Resources */ = {isa = PBXBuildFile; fileRef = 7CA14D961CD8995E00A01545 /* Assets.xcassets */; };
		7CA14DA51CD8995F00A01545 /* Demo_______UITests.m in Sources */ = {isa = PBXBuildFile; fileRef = 7CA14DA41CD8995F00A01545 /* Demo_______UITests.m */; };
		7CA14DC11CD899FC00A01545 /* ViewController.m in Sources */ = {isa = PBXBuildFile; fileRef = 7CA14DB41CD899FC00A01545 /* ViewController.m */; };
		7CA14DC51CD899FC00A01545 /* UIView+Frame.m in Sources */ = {isa = PBXBuildFile; fileRef = 7CA14DBC1CD899FC00A01545 /* UIView+Frame.m */; };
		7CA14DC81CD89EF500A01545 /* ItemCell.m in Sources */ = {isa = PBXBuildFile; fileRef = 7CA14DC71CD89EF500A01545 /* ItemCell.m */; };
		7CA14DCB1CD8AB6A00A01545 /* CollectionviewLayout.m in Sources */ = {isa = PBXBuildFile; fileRef = 7CA14DCA1CD8AB6A00A01545 /* CollectionviewLayout.m */; };
		7CB184FE1CD98A3C001141BC /* a.jpg in Resources */ = {isa = PBXBuildFile; fileRef = 7CB184FD1CD98A3C001141BC /* a.jpg */; };
		7CB185001CD9A4F6001141BC /* 1.png in Resources */ = {isa = PBXBuildFile; fileRef = 7CB184FF1CD9A4F6001141BC /* 1.png */; };
		7CB185031CD9AA50001141BC /* HeaderView.m in Sources */ = {isa = PBXBuildFile; fileRef = 7CB185021CD9AA50001141BC /* HeaderView.m */; };
		7CC84F851DEC2F61000E0237 /* UIImage+BlurImage.m in Sources */ = {isa = PBXBuildFile; fileRef = 7CC84F841DEC2F61000E0237 /* UIImage+BlurImage.m */; };
/* End PBXBuildFile section */

/* Begin PBXContainerItemProxy section */
		7CA14DA11CD8995F00A01545 /* PBXContainerItemProxy */ = {
			isa = PBXContainerItemProxy;
			containerPortal = 7CA14D7F1CD8995E00A01545 /* Project object */;
			proxyType = 1;
			remoteGlobalIDString = 7CA14D861CD8995E00A01545;
			remoteInfo = "Demo-列表头部拉伸";
		};
/* End PBXContainerItemProxy section */

/* Begin PBXFileReference section */
		7CA14D871CD8995E00A01545 /* Demo-列表头部拉伸.app */ = {isa = PBXFileReference; explicitFileType = wrapper.application; includeInIndex = 0; path = "Demo-列表头部拉伸.app"; sourceTree = BUILT_PRODUCTS_DIR; };
		7CA14D8B1CD8995E00A01545 /* main.m */ = {isa = PBXFileReference; lastKnownFileType = sourcecode.c.objc; path = main.m; sourceTree = "<group>"; };
		7CA14D8D1CD8995E00A01545 /* AppDelegate.h */ = {isa = PBXFileReference; lastKnownFileType = sourcecode.c.h; path = AppDelegate.h; sourceTree = "<group>"; };
		7CA14D8E1CD8995E00A01545 /* AppDelegate.m */ = {isa = PBXFileReference; lastKnownFileType = sourcecode.c.objc; path = AppDelegate.m; sourceTree = "<group>"; };
		7CA14D961CD8995E00A01545 /* Assets.xcassets */ = {isa = PBXFileReference; lastKnownFileType = folder.assetcatalog; name = Assets.xcassets; path = ../Assets.xcassets; sourceTree = "<group>"; };
		7CA14D9B1CD8995E00A01545 /* Info.plist */ = {isa = PBXFileReference; lastKnownFileType = text.plist.xml; name = Info.plist; path = ../Info.plist; sourceTree = "<group>"; };
		7CA14DA01CD8995F00A01545 /* Demo-列表头部拉伸UITests.xctest */ = {isa = PBXFileReference; explicitFileType = wrapper.cfbundle; includeInIndex = 0; path = "Demo-列表头部拉伸UITests.xctest"; sourceTree = BUILT_PRODUCTS_DIR; };
		7CA14DA41CD8995F00A01545 /* Demo_______UITests.m */ = {isa = PBXFileReference; lastKnownFileType = sourcecode.c.objc; path = "Demo_______UITests.m"; sourceTree = "<group>"; };
		7CA14DA61CD8995F00A01545 /* Info.plist */ = {isa = PBXFileReference; lastKnownFileType = text.plist.xml; path = Info.plist; sourceTree = "<group>"; };
		7CA14DB31CD899FC00A01545 /* ViewController.h */ = {isa = PBXFileReference; fileEncoding = 4; lastKnownFileType = sourcecode.c.h; path = ViewController.h; sourceTree = "<group>"; };
		7CA14DB41CD899FC00A01545 /* ViewController.m */ = {isa = PBXFileReference; fileEncoding = 4; lastKnownFileType = sourcecode.c.objc; path = ViewController.m; sourceTree = "<group>"; };
		7CA14DBB1CD899FC00A01545 /* UIView+Frame.h */ = {isa = PBXFileReference; fileEncoding = 4; lastKnownFileType = sourcecode.c.h; path = "UIView+Frame.h"; sourceTree = "<group>"; };
		7CA14DBC1CD899FC00A01545 /* UIView+Frame.m */ = {isa = PBXFileReference; fileEncoding = 4; lastKnownFileType = sourcecode.c.objc; path = "UIView+Frame.m"; sourceTree = "<group>"; };
		7CA14DC61CD89EF500A01545 /* ItemCell.h */ = {isa = PBXFileReference; fileEncoding = 4; lastKnownFileType = sourcecode.c.h; path = ItemCell.h; sourceTree = "<group>"; };
		7CA14DC71CD89EF500A01545 /* ItemCell.m */ = {isa = PBXFileReference; fileEncoding = 4; lastKnownFileType = sourcecode.c.objc; path = ItemCell.m; sourceTree = "<group>"; };
		7CA14DC91CD8AB6A00A01545 /* CollectionviewLayout.h */ = {isa = PBXFileReference; fileEncoding = 4; lastKnownFileType = sourcecode.c.h; path = CollectionviewLayout.h; sourceTree = "<group>"; };
		7CA14DCA1CD8AB6A00A01545 /* CollectionviewLayout.m */ = {isa = PBXFileReference; fileEncoding = 4; lastKnownFileType = sourcecode.c.objc; path = CollectionviewLayout.m; sourceTree = "<group>"; };
		7CB184FD1CD98A3C001141BC /* a.jpg */ = {isa = PBXFileReference; lastKnownFileType = image.jpeg; path = a.jpg; sourceTree = "<group>"; };
		7CB184FF1CD9A4F6001141BC /* 1.png */ = {isa = PBXFileReference; lastKnownFileType = image.png; path = 1.png; sourceTree = "<group>"; };
		7CB185011CD9AA50001141BC /* HeaderView.h */ = {isa = PBXFileReference; fileEncoding = 4; lastKnownFileType = sourcecode.c.h; path = HeaderView.h; sourceTree = "<group>"; };
		7CB185021CD9AA50001141BC /* HeaderView.m */ = {isa = PBXFileReference; fileEncoding = 4; lastKnownFileType = sourcecode.c.objc; path = HeaderView.m; sourceTree = "<group>"; };
		7CC84F831DEC2F61000E0237 /* UIImage+BlurImage.h */ = {isa = PBXFileReference; fileEncoding = 4; lastKnownFileType = sourcecode.c.h; path = "UIImage+BlurImage.h"; sourceTree = "<group>"; };
		7CC84F841DEC2F61000E0237 /* UIImage+BlurImage.m */ = {isa = PBXFileReference; fileEncoding = 4; lastKnownFileType = sourcecode.c.objc; path = "UIImage+BlurImage.m"; sourceTree = "<group>"; };
/* End PBXFileReference section */

/* Begin PBXFrameworksBuildPhase section */
		7CA14D841CD8995E00A01545 /* Frameworks */ = {
			isa = PBXFrameworksBuildPhase;
			buildActionMask = 2147483647;
			files = (
			);
			runOnlyForDeploymentPostprocessing = 0;
		};
		7CA14D9D1CD8995F00A01545 /* Frameworks */ = {
			isa = PBXFrameworksBuildPhase;
			buildActionMask = 2147483647;
			files = (
			);
			runOnlyForDeploymentPostprocessing = 0;
		};
/* End PBXFrameworksBuildPhase section */

/* Begin PBXGroup section */
		7CA14D7E1CD8995E00A01545 = {
			isa = PBXGroup;
			children = (
				7CA14D891CD8995E00A01545 /* Demo-列表头部拉伸 */,
				7CA14DA31CD8995F00A01545 /* Demo-列表头部拉伸UITests */,
				7CA14D881CD8995E00A01545 /* Products */,
			);
			sourceTree = "<group>";
		};
		7CA14D881CD8995E00A01545 /* Products */ = {
			isa = PBXGroup;
			children = (
				7CA14D871CD8995E00A01545 /* Demo-列表头部拉伸.app */,
				7CA14DA01CD8995F00A01545 /* Demo-列表头部拉伸UITests.xctest */,
			);
			name = Products;
			sourceTree = "<group>";
		};
		7CA14D891CD8995E00A01545 /* Demo-列表头部拉伸 */ = {
			isa = PBXGroup;
			children = (
				7CA14DAF1CD899FC00A01545 /* Classes */,
				7CA14DBF1CD899FC00A01545 /* Others */,
				7CA14D8D1CD8995E00A01545 /* AppDelegate.h */,
				7CA14D8E1CD8995E00A01545 /* AppDelegate.m */,
			);
			path = "Demo-列表头部拉伸";
			sourceTree = "<group>";
		};
		7CA14D8A1CD8995E00A01545 /* Supporting Files */ = {
			isa = PBXGroup;
			children = (
				7CA14D8B1CD8995E00A01545 /* main.m */,
			);
			name = "Supporting Files";
			path = ..;
			sourceTree = "<group>";
		};
		7CA14DA31CD8995F00A01545 /* Demo-列表头部拉伸UITests */ = {
			isa = PBXGroup;
			children = (
				7CA14DA41CD8995F00A01545 /* Demo_______UITests.m */,
				7CA14DA61CD8995F00A01545 /* Info.plist */,
			);
			path = "Demo-列表头部拉伸UITests";
			sourceTree = "<group>";
		};
		7CA14DAF1CD899FC00A01545 /* Classes */ = {
			isa = PBXGroup;
			children = (
				7CA14DB51CD899FC00A01545 /* Lib */,
				7CA14DB01CD899FC00A01545 /* Controller */,
				7CA14DBD1CD899FC00A01545 /* Model */,
				7CA14DBE1CD899FC00A01545 /* View */,
			);
			path = Classes;
			sourceTree = "<group>";
		};
		7CA14DB01CD899FC00A01545 /* Controller */ = {
			isa = PBXGroup;
			children = (
				7CA14DB31CD899FC00A01545 /* ViewController.h */,
				7CA14DB41CD899FC00A01545 /* ViewController.m */,
			);
			path = Controller;
			sourceTree = "<group>";
		};
		7CA14DB51CD899FC00A01545 /* Lib */ = {
			isa = PBXGroup;
			children = (
				7CA14DB81CD899FC00A01545 /* images */,
				7CA14DBB1CD899FC00A01545 /* UIView+Frame.h */,
				7CA14DBC1CD899FC00A01545 /* UIView+Frame.m */,
				7CC84F831DEC2F61000E0237 /* UIImage+BlurImage.h */,
				7CC84F841DEC2F61000E0237 /* UIImage+BlurImage.m */,
			);
			path = Lib;
			sourceTree = "<group>";
		};
		7CA14DB81CD899FC00A01545 /* images */ = {
			isa = PBXGroup;
			children = (
				7CB184FD1CD98A3C001141BC /* a.jpg */,
				7CB184FF1CD9A4F6001141BC /* 1.png */,
			);
			path = images;
			sourceTree = "<group>";
		};
		7CA14DBD1CD899FC00A01545 /* Model */ = {
			isa = PBXGroup;
			children = (
			);
			path = Model;
			sourceTree = "<group>";
		};
		7CA14DBE1CD899FC00A01545 /* View */ = {
			isa = PBXGroup;
			children = (
				7CA14DC61CD89EF500A01545 /* ItemCell.h */,
				7CA14DC71CD89EF500A01545 /* ItemCell.m */,
				7CA14DC91CD8AB6A00A01545 /* CollectionviewLayout.h */,
				7CA14DCA1CD8AB6A00A01545 /* CollectionviewLayout.m */,
				7CB185011CD9AA50001141BC /* HeaderView.h */,
				7CB185021CD9AA50001141BC /* HeaderView.m */,
			);
			path = View;
			sourceTree = "<group>";
		};
		7CA14DBF1CD899FC00A01545 /* Others */ = {
			isa = PBXGroup;
			children = (
				7CA14D961CD8995E00A01545 /* Assets.xcassets */,
				7CA14D9B1CD8995E00A01545 /* Info.plist */,
				7CA14D8A1CD8995E00A01545 /* Supporting Files */,
			);
			path = Others;
			sourceTree = "<group>";
		};
/* End PBXGroup section */

/* Begin PBXNativeTarget section */
		7CA14D861CD8995E00A01545 /* Demo-列表头部拉伸 */ = {
			isa = PBXNativeTarget;
			buildConfigurationList = 7CA14DA91CD8995F00A01545 /* Build configuration list for PBXNativeTarget "Demo-列表头部拉伸" */;
			buildPhases = (
				7CA14D831CD8995E00A01545 /* Sources */,
				7CA14D841CD8995E00A01545 /* Frameworks */,
				7CA14D851CD8995E00A01545 /* Resources */,
			);
			buildRules = (
			);
			dependencies = (
			);
			name = "Demo-列表头部拉伸";
			productName = "Demo-列表头部拉伸";
			productReference = 7CA14D871CD8995E00A01545 /* Demo-列表头部拉伸.app */;
			productType = "com.apple.product-type.application";
		};
		7CA14D9F1CD8995F00A01545 /* Demo-列表头部拉伸UITests */ = {
			isa = PBXNativeTarget;
			buildConfigurationList = 7CA14DAC1CD8995F00A01545 /* Build configuration list for PBXNativeTarget "Demo-列表头部拉伸UITests" */;
			buildPhases = (
				7CA14D9C1CD8995F00A01545 /* Sources */,
				7CA14D9D1CD8995F00A01545 /* Frameworks */,
				7CA14D9E1CD8995F00A01545 /* Resources */,
			);
			buildRules = (
			);
			dependencies = (
				7CA14DA21CD8995F00A01545 /* PBXTargetDependency */,
			);
			name = "Demo-列表头部拉伸UITests";
			productName = "Demo-列表头部拉伸UITests";
			productReference = 7CA14DA01CD8995F00A01545 /* Demo-列表头部拉伸UITests.xctest */;
			productType = "com.apple.product-type.bundle.ui-testing";
		};
/* End PBXNativeTarget section */

/* Begin PBXProject section */
		7CA14D7F1CD8995E00A01545 /* Project object */ = {
			isa = PBXProject;
			attributes = {
				LastUpgradeCheck = 0710;
				ORGANIZATIONNAME = jf;
				TargetAttributes = {
					7CA14D861CD8995E00A01545 = {
						CreatedOnToolsVersion = 7.1.1;
						DevelopmentTeam = JADU439GSC;
					};
					7CA14D9F1CD8995F00A01545 = {
						CreatedOnToolsVersion = 7.1.1;
						TestTargetID = 7CA14D861CD8995E00A01545;
					};
				};
			};
			buildConfigurationList = 7CA14D821CD8995E00A01545 /* Build configuration list for PBXProject "Demo-列表头部拉伸" */;
			compatibilityVersion = "Xcode 3.2";
			developmentRegion = English;
			hasScannedForEncodings = 0;
			knownRegions = (
				en,
				Base,
			);
			mainGroup = 7CA14D7E1CD8995E00A01545;
			productRefGroup = 7CA14D881CD8995E00A01545 /* Products */;
			projectDirPath = "";
			projectRoot = "";
			targets = (
				7CA14D861CD8995E00A01545 /* Demo-列表头部拉伸 */,
				7CA14D9F1CD8995F00A01545 /* Demo-列表头部拉伸UITests */,
			);
		};
/* End PBXProject section */

/* Begin PBXResourcesBuildPhase section */
		7CA14D851CD8995E00A01545 /* Resources */ = {
			isa = PBXResourcesBuildPhase;
			buildActionMask = 2147483647;
			files = (
				7CB185001CD9A4F6001141BC /* 1.png in Resources */,
				7CA14D971CD8995E00A01545 /* Assets.xcassets in Resources */,
				7CB184FE1CD98A3C001141BC /* a.jpg in Resources */,
			);
			runOnlyForDeploymentPostprocessing = 0;
		};
		7CA14D9E1CD8995F00A01545 /* Resources */ = {
			isa = PBXResourcesBuildPhase;
			buildActionMask = 2147483647;
			files = (
			);
			runOnlyForDeploymentPostprocessing = 0;
		};
/* End PBXResourcesBuildPhase section */

/* Begin PBXSourcesBuildPhase section */
		7CA14D831CD8995E00A01545 /* Sources */ = {
			isa = PBXSourcesBuildPhase;
			buildActionMask = 2147483647;
			files = (
				7CB185031CD9AA50001141BC /* HeaderView.m in Sources */,
				7CA14DC81CD89EF500A01545 /* ItemCell.m in Sources */,
				7CC84F851DEC2F61000E0237 /* UIImage+BlurImage.m in Sources */,
				7CA14DC51CD899FC00A01545 /* UIView+Frame.m in Sources */,
				7CA14DCB1CD8AB6A00A01545 /* CollectionviewLayout.m in Sources */,
				7CA14D8F1CD8995E00A01545 /* AppDelegate.m in Sources */,
				7CA14D8C1CD8995E00A01545 /* main.m in Sources */,
				7CA14DC11CD899FC00A01545 /* ViewController.m in Sources */,
			);
			runOnlyForDeploymentPostprocessing = 0;
		};
		7CA14D9C1CD8995F00A01545 /* Sources */ = {
			isa = PBXSourcesBuildPhase;
			buildActionMask = 2147483647;
			files = (
				7CA14DA51CD8995F00A01545 /* Demo_______UITests.m in Sources */,
			);
			runOnlyForDeploymentPostprocessing = 0;
		};
/* End PBXSourcesBuildPhase section */

/* Begin PBXTargetDependency section */
		7CA14DA21CD8995F00A01545 /* PBXTargetDependency */ = {
			isa = PBXTargetDependency;
			target = 7CA14D861CD8995E00A01545 /* Demo-列表头部拉伸 */;
			targetProxy = 7CA14DA11CD8995F00A01545 /* PBXContainerItemProxy */;
		};
/* End PBXTargetDependency section */

/* Begin XCBuildConfiguration section */
		7CA14DA71CD8995F00A01545 /* Debug */ = {
			isa = XCBuildConfiguration;
			buildSettings = {
				ALWAYS_SEARCH_USER_PATHS = NO;
				CLANG_CXX_LANGUAGE_STANDARD = "gnu++0x";
				CLANG_CXX_LIBRARY = "libc++";
				CLANG_ENABLE_MODULES = YES;
				CLANG_ENABLE_OBJC_ARC = YES;
				CLANG_WARN_BOOL_CONVERSION = YES;
				CLANG_WARN_CONSTANT_CONVERSION = YES;
				CLANG_WARN_DIRECT_OBJC_ISA_USAGE = YES_ERROR;
				CLANG_WARN_EMPTY_BODY = YES;
				CLANG_WARN_ENUM_CONVERSION = YES;
				CLANG_WARN_INT_CONVERSION = YES;
				CLANG_WARN_OBJC_ROOT_CLASS = YES_ERROR;
				CLANG_WARN_UNREACHABLE_CODE = YES;
				CLANG_WARN__DUPLICATE_METHOD_MATCH = YES;
				"CODE_SIGN_IDENTITY[sdk=iphoneos*]" = "iPhone Developer";
				COPY_PHASE_STRIP = NO;
				DEBUG_INFORMATION_FORMAT = dwarf;
				ENABLE_STRICT_OBJC_MSGSEND = YES;
				ENABLE_TESTABILITY = YES;
				GCC_C_LANGUAGE_STANDARD = gnu99;
				GCC_DYNAMIC_NO_PIC = NO;
				GCC_NO_COMMON_BLOCKS = YES;
				GCC_OPTIMIZATION_LEVEL = 0;
				GCC_PREPROCESSOR_DEFINITIONS = (
					"DEBUG=1",
					"$(inherited)",
				);
				GCC_WARN_64_TO_32_BIT_CONVERSION = YES;
				GCC_WARN_ABOUT_RETURN_TYPE = YES_ERROR;
				GCC_WARN_UNDECLARED_SELECTOR = YES;
				GCC_WARN_UNINITIALIZED_AUTOS = YES_AGGRESSIVE;
				GCC_WARN_UNUSED_FUNCTION = YES;
				GCC_WARN_UNUSED_VARIABLE = YES;
				IPHONEOS_DEPLOYMENT_TARGET = 9.1;
				MTL_ENABLE_DEBUG_INFO = YES;
				ONLY_ACTIVE_ARCH = YES;
				SDKROOT = iphoneos;
			};
			name = Debug;
		};
		7CA14DA81CD8995F00A01545 /* Release */ = {
			isa = XCBuildConfiguration;
			buildSettings = {
				ALWAYS_SEARCH_USER_PATHS = NO;
				CLANG_CXX_LANGUAGE_STANDARD = "gnu++0x";
				CLANG_CXX_LIBRARY = "libc++";
				CLANG_ENABLE_MODULES = YES;
				CLANG_ENABLE_OBJC_ARC = YES;
				CLANG_WARN_BOOL_CONVERSION = YES;
				CLANG_WARN_CONSTANT_CONVERSION = YES;
				CLANG_WARN_DIRECT_OBJC_ISA_USAGE = YES_ERROR;
				CLANG_WARN_EMPTY_BODY = YES;
				CLANG_WARN_ENUM_CONVERSION = YES;
				CLANG_WARN_INT_CONVERSION = YES;
				CLANG_WARN_OBJC_ROOT_CLASS = YES_ERROR;
				CLANG_WARN_UNREACHABLE_CODE = YES;
				CLANG_WARN__DUPLICATE_METHOD_MATCH = YES;
				"CODE_SIGN_IDENTITY[sdk=iphoneos*]" = "iPhone Developer";
				COPY_PHASE_STRIP = NO;
				DEBUG_INFORMATION_FORMAT = "dwarf-with-dsym";
				ENABLE_NS_ASSERTIONS = NO;
				ENABLE_STRICT_OBJC_MSGSEND = YES;
				GCC_C_LANGUAGE_STANDARD = gnu99;
				GCC_NO_COMMON_BLOCKS = YES;
				GCC_WARN_64_TO_32_BIT_CONVERSION = YES;
				GCC_WARN_ABOUT_RETURN_TYPE = YES_ERROR;
				GCC_WARN_UNDECLARED_SELECTOR = YES;
				GCC_WARN_UNINITIALIZED_AUTOS = YES_AGGRESSIVE;
				GCC_WARN_UNUSED_FUNCTION = YES;
				GCC_WARN_UNUSED_VARIABLE = YES;
				IPHONEOS_DEPLOYMENT_TARGET = 9.1;
				MTL_ENABLE_DEBUG_INFO = NO;
				SDKROOT = iphoneos;
				VALIDATE_PRODUCT = YES;
			};
			name = Release;
		};
		7CA14DAA1CD8995F00A01545 /* Debug */ = {
			isa = XCBuildConfiguration;
			buildSettings = {
				ASSETCATALOG_COMPILER_APPICON_NAME = AppIcon;
				DEVELOPMENT_TEAM = JADU439GSC;
				INFOPLIST_FILE = "Demo-列表头部拉伸/Info.plist";
				IPHONEOS_DEPLOYMENT_TARGET = 8.0;
				LD_RUNPATH_SEARCH_PATHS = "$(inherited) @executable_path/Frameworks";
				PRODUCT_BUNDLE_IDENTIFIER = "jf.Demo-------";
				PRODUCT_NAME = "$(TARGET_NAME)";
			};
			name = Debug;
		};
		7CA14DAB1CD8995F00A01545 /* Release */ = {
			isa = XCBuildConfiguration;
			buildSettings = {
				ASSETCATALOG_COMPILER_APPICON_NAME = AppIcon;
				DEVELOPMENT_TEAM = JADU439GSC;
				INFOPLIST_FILE = "Demo-列表头部拉伸/Info.plist";
				IPHONEOS_DEPLOYMENT_TARGET = 8.0;
				LD_RUNPATH_SEARCH_PATHS = "$(inherited) @executable_path/Frameworks";
				PRODUCT_BUNDLE_IDENTIFIER = "jf.Demo-------";
				PRODUCT_NAME = "$(TARGET_NAME)";
			};
			name = Release;
		};
		7CA14DAD1CD8995F00A01545 /* Debug */ = {
			isa = XCBuildConfiguration;
			buildSettings = {
				INFOPLIST_FILE = "Demo-列表头部拉伸UITests/Info.plist";
				LD_RUNPATH_SEARCH_PATHS = "$(inherited) @executable_path/Frameworks @loader_path/Frameworks";
				PRODUCT_BUNDLE_IDENTIFIER = "jf.Demo-------UITests";
				PRODUCT_NAME = "$(TARGET_NAME)";
				TEST_TARGET_NAME = "Demo-列表头部拉伸";
				USES_XCTRUNNER = YES;
			};
			name = Debug;
		};
		7CA14DAE1CD8995F00A01545 /* Release */ = {
			isa = XCBuildConfiguration;
			buildSettings = {
				INFOPLIST_FILE = "Demo-列表头部拉伸UITests/Info.plist";
				LD_RUNPATH_SEARCH_PATHS = "$(inherited) @executable_path/Frameworks @loader_path/Frameworks";
				PRODUCT_BUNDLE_IDENTIFIER = "jf.Demo-------UITests";
				PRODUCT_NAME = "$(TARGET_NAME)";
				TEST_TARGET_NAME = "Demo-列表头部拉伸";
				USES_XCTRUNNER = YES;
			};
			name = Release;
		};
/* End XCBuildConfiguration section */

/* Begin XCConfigurationList section */
		7CA14D821CD8995E00A01545 /* Build configuration list for PBXProject "Demo-列表头部拉伸" */ = {
			isa = XCConfigurationList;
			buildConfigurations = (
				7CA14DA71CD8995F00A01545 /* Debug */,
				7CA14DA81CD8995F00A01545 /* Release */,
			);
			defaultConfigurationIsVisible = 0;
			defaultConfigurationName = Release;
		};
		7CA14DA91CD8995F00A01545 /* Build configuration list for PBXNativeTarget "Demo-列表头部拉伸" */ = {
			isa = XCConfigurationList;
			buildConfigurations = (
				7CA14DAA1CD8995F00A01545 /* Debug */,
				7CA14DAB1CD8995F00A01545 /* Release */,
			);
			defaultConfigurationIsVisible = 0;
			defaultConfigurationName = Release;
		};
		7CA14DAC1CD8995F00A01545 /* Build configuration list for PBXNativeTarget "Demo-列表头部拉伸UITests" */ = {
			isa = XCConfigurationList;
			buildConfigurations = (
				7CA14DAD1CD8995F00A01545 /* Debug */,
				7CA14DAE1CD8995F00A01545 /* Release */,
			);
			defaultConfigurationIsVisible = 0;
			defaultConfigurationName = Release;
		};
/* End XCConfigurationList section */
	};
	rootObject = 7CA14D7F1CD8995E00A01545 /* Project object */;
}
